// !$*UTF8*$!
{
	archiveVersion = 1;
	classes = {
	};
	objectVersion = 56;
	objects = {

/* Begin PBXBuildFile section */
		4D736E952C40078D00CA5397 /* AppDelegate.swift in Sources */ = {isa = PBXBuildFile; fileRef = 4D736E942C40078D00CA5397 /* AppDelegate.swift */; };
		4D736E972C40078D00CA5397 /* SceneDelegate.swift in Sources */ = {isa = PBXBuildFile; fileRef = 4D736E962C40078D00CA5397 /* SceneDelegate.swift */; };
		4D736E992C40078D00CA5397 /* ViewController.swift in Sources */ = {isa = PBXBuildFile; fileRef = 4D736E982C40078D00CA5397 /* ViewController.swift */; };
		4D736E9E2C40078F00CA5397 /* Assets.xcassets in Resources */ = {isa = PBXBuildFile; fileRef = 4D736E9D2C40078F00CA5397 /* Assets.xcassets */; };
		4D736EA12C40078F00CA5397 /* Base in Resources */ = {isa = PBXBuildFile; fileRef = 4D736EA02C40078F00CA5397 /* Base */; };
		4D736EA92C4007BF00CA5397 /* CustomTextField.swift in Sources */ = {isa = PBXBuildFile; fileRef = 4D736EA82C4007BF00CA5397 /* CustomTextField.swift */; };
		4D736EAD2C4008C200CA5397 /* CounterTextField.swift in Sources */ = {isa = PBXBuildFile; fileRef = 4D736EAC2C4008C200CA5397 /* CounterTextField.swift */; };
		4D736EAF2C4008DF00CA5397 /* MaskedTextField.swift in Sources */ = {isa = PBXBuildFile; fileRef = 4D736EAE2C4008DF00CA5397 /* MaskedTextField.swift */; };
		4D736EB12C4008FA00CA5397 /* LinkTextField.swift in Sources */ = {isa = PBXBuildFile; fileRef = 4D736EB02C4008FA00CA5397 /* LinkTextField.swift */; };
		4D736EB32C40091500CA5397 /* PasswordTextField.swift in Sources */ = {isa = PBXBuildFile; fileRef = 4D736EB22C40091500CA5397 /* PasswordTextField.swift */; };
		4D736EB52C4010C000CA5397 /* TabBarController.swift in Sources */ = {isa = PBXBuildFile; fileRef = 4D736EB42C4010C000CA5397 /* TabBarController.swift */; };
/* End PBXBuildFile section */

/* Begin PBXFileReference section */
		4D736E912C40078D00CA5397 /* customtextfields.app */ = {isa = PBXFileReference; explicitFileType = wrapper.application; includeInIndex = 0; path = customtextfields.app; sourceTree = BUILT_PRODUCTS_DIR; };
		4D736E942C40078D00CA5397 /* AppDelegate.swift */ = {isa = PBXFileReference; lastKnownFileType = sourcecode.swift; path = AppDelegate.swift; sourceTree = "<group>"; };
		4D736E962C40078D00CA5397 /* SceneDelegate.swift */ = {isa = PBXFileReference; lastKnownFileType = sourcecode.swift; path = SceneDelegate.swift; sourceTree = "<group>"; };
		4D736E982C40078D00CA5397 /* ViewController.swift */ = {isa = PBXFileReference; lastKnownFileType = sourcecode.swift; path = ViewController.swift; sourceTree = "<group>"; };
		4D736E9D2C40078F00CA5397 /* Assets.xcassets */ = {isa = PBXFileReference; lastKnownFileType = folder.assetcatalog; path = Assets.xcassets; sourceTree = "<group>"; };
		4D736EA02C40078F00CA5397 /* Base */ = {isa = PBXFileReference; lastKnownFileType = file.storyboard; name = Base; path = Base.lproj/LaunchScreen.storyboard; sourceTree = "<group>"; };
		4D736EA22C40078F00CA5397 /* Info.plist */ = {isa = PBXFileReference; lastKnownFileType = text.plist.xml; path = Info.plist; sourceTree = "<group>"; };
		4D736EA82C4007BF00CA5397 /* CustomTextField.swift */ = {isa = PBXFileReference; lastKnownFileType = sourcecode.swift; path = CustomTextField.swift; sourceTree = "<group>"; };
		4D736EAC2C4008C200CA5397 /* CounterTextField.swift */ = {isa = PBXFileReference; lastKnownFileType = sourcecode.swift; path = CounterTextField.swift; sourceTree = "<group>"; };
		4D736EAE2C4008DF00CA5397 /* MaskedTextField.swift */ = {isa = PBXFileReference; lastKnownFileType = sourcecode.swift; path = MaskedTextField.swift; sourceTree = "<group>"; };
		4D736EB02C4008FA00CA5397 /* LinkTextField.swift */ = {isa = PBXFileReference; lastKnownFileType = sourcecode.swift; path = LinkTextField.swift; sourceTree = "<group>"; };
		4D736EB22C40091500CA5397 /* PasswordTextField.swift */ = {isa = PBXFileReference; lastKnownFileType = sourcecode.swift; path = PasswordTextField.swift; sourceTree = "<group>"; };
		4D736EB42C4010C000CA5397 /* TabBarController.swift */ = {isa = PBXFileReference; lastKnownFileType = sourcecode.swift; path = TabBarController.swift; sourceTree = "<group>"; };
/* End PBXFileReference section */

/* Begin PBXFrameworksBuildPhase section */
		4D736E8E2C40078D00CA5397 /* Frameworks */ = {
			isa = PBXFrameworksBuildPhase;
			buildActionMask = 2147483647;
			files = (
			);
			runOnlyForDeploymentPostprocessing = 0;
		};
/* End PBXFrameworksBuildPhase section */

/* Begin PBXGroup section */
		4D736E882C40078D00CA5397 = {
			isa = PBXGroup;
			children = (
				4D736E932C40078D00CA5397 /* customtextfields */,
				4D736E922C40078D00CA5397 /* Products */,
			);
			sourceTree = "<group>";
		};
		4D736E922C40078D00CA5397 /* Products */ = {
			isa = PBXGroup;
			children = (
				4D736E912C40078D00CA5397 /* customtextfields.app */,
			);
			name = Products;
			sourceTree = "<group>";
		};
		4D736E932C40078D00CA5397 /* customtextfields */ = {
			isa = PBXGroup;
			children = (
				4D736E942C40078D00CA5397 /* AppDelegate.swift */,
				4D736E962C40078D00CA5397 /* SceneDelegate.swift */,
				4D736EAB2C4007E500CA5397 /* View */,
				4D736E9D2C40078F00CA5397 /* Assets.xcassets */,
				4D736E9F2C40078F00CA5397 /* LaunchScreen.storyboard */,
				4D736EA22C40078F00CA5397 /* Info.plist */,
			);
			path = customtextfields;
			sourceTree = "<group>";
		};
		4D736EAB2C4007E500CA5397 /* View */ = {
			isa = PBXGroup;
			children = (
				4D736E982C40078D00CA5397 /* ViewController.swift */,
				4D736EA82C4007BF00CA5397 /* CustomTextField.swift */,
				4D736EAC2C4008C200CA5397 /* CounterTextField.swift */,
				4D736EAE2C4008DF00CA5397 /* MaskedTextField.swift */,
				4D736EB02C4008FA00CA5397 /* LinkTextField.swift */,
				4D736EB22C40091500CA5397 /* PasswordTextField.swift */,
				4D736EB42C4010C000CA5397 /* TabBarController.swift */,
			);
			path = View;
			sourceTree = "<group>";
		};
/* End PBXGroup section */

/* Begin PBXNativeTarget section */
		4D736E902C40078D00CA5397 /* customtextfields */ = {
			isa = PBXNativeTarget;
			buildConfigurationList = 4D736EA52C40078F00CA5397 /* Build configuration list for PBXNativeTarget "customtextfields" */;
			buildPhases = (
				4D736E8D2C40078D00CA5397 /* Sources */,
				4D736E8E2C40078D00CA5397 /* Frameworks */,
				4D736E8F2C40078D00CA5397 /* Resources */,
			);
			buildRules = (
			);
			dependencies = (
			);
			name = customtextfields;
			productName = customtextfields;
			productReference = 4D736E912C40078D00CA5397 /* customtextfields.app */;
			productType = "com.apple.product-type.application";
		};
/* End PBXNativeTarget section */

/* Begin PBXProject section */
		4D736E892C40078D00CA5397 /* Project object */ = {
			isa = PBXProject;
			attributes = {
				BuildIndependentTargetsInParallel = 1;
				LastSwiftUpdateCheck = 1540;
				LastUpgradeCheck = 1540;
				TargetAttributes = {
					4D736E902C40078D00CA5397 = {
						CreatedOnToolsVersion = 15.4;
					};
				};
			};
			buildConfigurationList = 4D736E8C2C40078D00CA5397 /* Build configuration list for PBXProject "customtextfields" */;
			compatibilityVersion = "Xcode 14.0";
			developmentRegion = en;
			hasScannedForEncodings = 0;
			knownRegions = (
				en,
				Base,
			);
			mainGroup = 4D736E882C40078D00CA5397;
			productRefGroup = 4D736E922C40078D00CA5397 /* Products */;
			projectDirPath = "";
			projectRoot = "";
			targets = (
				4D736E902C40078D00CA5397 /* customtextfields */,
			);
		};
/* End PBXProject section */

/* Begin PBXResourcesBuildPhase section */
		4D736E8F2C40078D00CA5397 /* Resources */ = {
			isa = PBXResourcesBuildPhase;
			buildActionMask = 2147483647;
			files = (
				4D736E9E2C40078F00CA5397 /* Assets.xcassets in Resources */,
				4D736EA12C40078F00CA5397 /* Base in Resources */,
			);
			runOnlyForDeploymentPostprocessing = 0;
		};
/* End PBXResourcesBuildPhase section */

/* Begin PBXSourcesBuildPhase section */
		4D736E8D2C40078D00CA5397 /* Sources */ = {
			isa = PBXSourcesBuildPhase;
			buildActionMask = 2147483647;
			files = (
				4D736EB12C4008FA00CA5397 /* LinkTextField.swift in Sources */,
				4D736EAD2C4008C200CA5397 /* CounterTextField.swift in Sources */,
				4D736EA92C4007BF00CA5397 /* CustomTextField.swift in Sources */,
				4D736EB52C4010C000CA5397 /* TabBarController.swift in Sources */,
				4D736E992C40078D00CA5397 /* ViewController.swift in Sources */,
				4D736E952C40078D00CA5397 /* AppDelegate.swift in Sources */,
				4D736EAF2C4008DF00CA5397 /* MaskedTextField.swift in Sources */,
				4D736EB32C40091500CA5397 /* PasswordTextField.swift in Sources */,
				4D736E972C40078D00CA5397 /* SceneDelegate.swift in Sources */,
			);
			runOnlyForDeploymentPostprocessing = 0;
		};
/* End PBXSourcesBuildPhase section */

/* Begin PBXVariantGroup section */
		4D736E9F2C40078F00CA5397 /* LaunchScreen.storyboard */ = {
			isa = PBXVariantGroup;
			children = (
				4D736EA02C40078F00CA5397 /* Base */,
			);
			name = LaunchScreen.storyboard;
			sourceTree = "<group>";
		};
/* End PBXVariantGroup section */

/* Begin XCBuildConfiguration section */
		4D736EA32C40078F00CA5397 /* Debug */ = {
			isa = XCBuildConfiguration;
			buildSettings = {
				ALWAYS_SEARCH_USER_PATHS = NO;
				ASSETCATALOG_COMPILER_GENERATE_SWIFT_ASSET_SYMBOL_EXTENSIONS = YES;
				CLANG_ANALYZER_NONNULL = YES;
				CLANG_ANALYZER_NUMBER_OBJECT_CONVERSION = YES_AGGRESSIVE;
				CLANG_CXX_LANGUAGE_STANDARD = "gnu++20";
				CLANG_ENABLE_MODULES = YES;
				CLANG_ENABLE_OBJC_ARC = YES;
				CLANG_ENABLE_OBJC_WEAK = YES;
				CLANG_WARN_BLOCK_CAPTURE_AUTORELEASING = YES;
				CLANG_WARN_BOOL_CONVERSION = YES;
				CLANG_WARN_COMMA = YES;
				CLANG_WARN_CONSTANT_CONVERSION = YES;
				CLANG_WARN_DEPRECATED_OBJC_IMPLEMENTATIONS = YES;
				CLANG_WARN_DIRECT_OBJC_ISA_USAGE = YES_ERROR;
				CLANG_WARN_DOCUMENTATION_COMMENTS = YES;
				CLANG_WARN_EMPTY_BODY = YES;
				CLANG_WARN_ENUM_CONVERSION = YES;
				CLANG_WARN_INFINITE_RECURSION = YES;
				CLANG_WARN_INT_CONVERSION = YES;
				CLANG_WARN_NON_LITERAL_NULL_CONVERSION = YES;
				CLANG_WARN_OBJC_IMPLICIT_RETAIN_SELF = YES;
				CLANG_WARN_OBJC_LITERAL_CONVERSION = YES;
				CLANG_WARN_OBJC_ROOT_CLASS = YES_ERROR;
				CLANG_WARN_QUOTED_INCLUDE_IN_FRAMEWORK_HEADER = YES;
				CLANG_WARN_RANGE_LOOP_ANALYSIS = YES;
				CLANG_WARN_STRICT_PROTOTYPES = YES;
				CLANG_WARN_SUSPICIOUS_MOVE = YES;
				CLANG_WARN_UNGUARDED_AVAILABILITY = YES_AGGRESSIVE;
				CLANG_WARN_UNREACHABLE_CODE = YES;
				CLANG_WARN__DUPLICATE_METHOD_MATCH = YES;
				COPY_PHASE_STRIP = NO;
				DEBUG_INFORMATION_FORMAT = dwarf;
				ENABLE_STRICT_OBJC_MSGSEND = YES;
				ENABLE_TESTABILITY = YES;
				ENABLE_USER_SCRIPT_SANDBOXING = YES;
				GCC_C_LANGUAGE_STANDARD = gnu17;
				GCC_DYNAMIC_NO_PIC = NO;
				GCC_NO_COMMON_BLOCKS = YES;
				GCC_OPTIMIZATION_LEVEL = 0;
				GCC_PREPROCESSOR_DEFINITIONS = (
					"DEBUG=1",
					"$(inherited)",
				);
				GCC_WARN_64_TO_32_BIT_CONVERSION = YES;
				GCC_WARN_ABOUT_RETURN_TYPE = YES_ERROR;
				GCC_WARN_UNDECLARED_SELECTOR = YES;
				GCC_WARN_UNINITIALIZED_AUTOS = YES_AGGRESSIVE;
				GCC_WARN_UNUSED_FUNCTION = YES;
				GCC_WARN_UNUSED_VARIABLE = YES;
				IPHONEOS_DEPLOYMENT_TARGET = 17.5;
				LOCALIZATION_PREFERS_STRING_CATALOGS = YES;
				MTL_ENABLE_DEBUG_INFO = INCLUDE_SOURCE;
				MTL_FAST_MATH = YES;
				ONLY_ACTIVE_ARCH = YES;
				SDKROOT = iphoneos;
				SWIFT_ACTIVE_COMPILATION_CONDITIONS = "DEBUG $(inherited)";
				SWIFT_OPTIMIZATION_LEVEL = "-Onone";
			};
			name = Debug;
		};
		4D736EA42C40078F00CA5397 /* Release */ = {
			isa = XCBuildConfiguration;
			buildSettings = {
				ALWAYS_SEARCH_USER_PATHS = NO;
				ASSETCATALOG_COMPILER_GENERATE_SWIFT_ASSET_SYMBOL_EXTENSIONS = YES;
				CLANG_ANALYZER_NONNULL = YES;
				CLANG_ANALYZER_NUMBER_OBJECT_CONVERSION = YES_AGGRESSIVE;
				CLANG_CXX_LANGUAGE_STANDARD = "gnu++20";
				CLANG_ENABLE_MODULES = YES;
				CLANG_ENABLE_OBJC_ARC = YES;
				CLANG_ENABLE_OBJC_WEAK = YES;
				CLANG_WARN_BLOCK_CAPTURE_AUTORELEASING = YES;
				CLANG_WARN_BOOL_CONVERSION = YES;
				CLANG_WARN_COMMA = YES;
				CLANG_WARN_CONSTANT_CONVERSION = YES;
				CLANG_WARN_DEPRECATED_OBJC_IMPLEMENTATIONS = YES;
				CLANG_WARN_DIRECT_OBJC_ISA_USAGE = YES_ERROR;
				CLANG_WARN_DOCUMENTATION_COMMENTS = YES;
				CLANG_WARN_EMPTY_BODY = YES;
				CLANG_WARN_ENUM_CONVERSION = YES;
				CLANG_WARN_INFINITE_RECURSION = YES;
				CLANG_WARN_INT_CONVERSION = YES;
				CLANG_WARN_NON_LITERAL_NULL_CONVERSION = YES;
				CLANG_WARN_OBJC_IMPLICIT_RETAIN_SELF = YES;
				CLANG_WARN_OBJC_LITERAL_CONVERSION = YES;
				CLANG_WARN_OBJC_ROOT_CLASS = YES_ERROR;
				CLANG_WARN_QUOTED_INCLUDE_IN_FRAMEWORK_HEADER = YES;
				CLANG_WARN_RANGE_LOOP_ANALYSIS = YES;
				CLANG_WARN_STRICT_PROTOTYPES = YES;
				CLANG_WARN_SUSPICIOUS_MOVE = YES;
				CLANG_WARN_UNGUARDED_AVAILABILITY = YES_AGGRESSIVE;
				CLANG_WARN_UNREACHABLE_CODE = YES;
				CLANG_WARN__DUPLICATE_METHOD_MATCH = YES;
				COPY_PHASE_STRIP = NO;
				DEBUG_INFORMATION_FORMAT = "dwarf-with-dsym";
				ENABLE_NS_ASSERTIONS = NO;
				ENABLE_STRICT_OBJC_MSGSEND = YES;
				ENABLE_USER_SCRIPT_SANDBOXING = YES;
				GCC_C_LANGUAGE_STANDARD = gnu17;
				GCC_NO_COMMON_BLOCKS = YES;
				GCC_WARN_64_TO_32_BIT_CONVERSION = YES;
				GCC_WARN_ABOUT_RETURN_TYPE = YES_ERROR;
				GCC_WARN_UNDECLARED_SELECTOR = YES;
				GCC_WARN_UNINITIALIZED_AUTOS = YES_AGGRESSIVE;
				GCC_WARN_UNUSED_FUNCTION = YES;
				GCC_WARN_UNUSED_VARIABLE = YES;
				IPHONEOS_DEPLOYMENT_TARGET = 17.5;
				LOCALIZATION_PREFERS_STRING_CATALOGS = YES;
				MTL_ENABLE_DEBUG_INFO = NO;
				MTL_FAST_MATH = YES;
				SDKROOT = iphoneos;
				SWIFT_COMPILATION_MODE = wholemodule;
				VALIDATE_PRODUCT = YES;
			};
			name = Release;
		};
		4D736EA62C40078F00CA5397 /* Debug */ = {
			isa = XCBuildConfiguration;
			buildSettings = {
				ASSETCATALOG_COMPILER_APPICON_NAME = AppIcon;
				ASSETCATALOG_COMPILER_GLOBAL_ACCENT_COLOR_NAME = AccentColor;
				CODE_SIGN_STYLE = Automatic;
				CURRENT_PROJECT_VERSION = 1;
				DEVELOPMENT_TEAM = UH342LX92S;
				GENERATE_INFOPLIST_FILE = YES;
				INFOPLIST_FILE = customtextfields/Info.plist;
				INFOPLIST_KEY_UIApplicationSupportsIndirectInputEvents = YES;
				INFOPLIST_KEY_UILaunchStoryboardName = LaunchScreen;
				INFOPLIST_KEY_UISupportedInterfaceOrientations_iPad = "UIInterfaceOrientationPortrait UIInterfaceOrientationPortraitUpsideDown UIInterfaceOrientationLandscapeLeft UIInterfaceOrientationLandscapeRight";
				INFOPLIST_KEY_UISupportedInterfaceOrientations_iPhone = "UIInterfaceOrientationPortrait UIInterfaceOrientationLandscapeLeft UIInterfaceOrientationLandscapeRight";
				LD_RUNPATH_SEARCH_PATHS = (
					"$(inherited)",
					"@executable_path/Frameworks",
				);
				MARKETING_VERSION = 1.0;
				PRODUCT_BUNDLE_IDENTIFIER = test.customtextfields;
				PRODUCT_NAME = "$(TARGET_NAME)";
				SWIFT_EMIT_LOC_STRINGS = YES;
				SWIFT_VERSION = 5.0;
				TARGETED_DEVICE_FAMILY = "1,2";
			};
			name = Debug;
		};
		4D736EA72C40078F00CA5397 /* Release */ = {
			isa = XCBuildConfiguration;
			buildSettings = {
				ASSETCATALOG_COMPILER_APPICON_NAME = AppIcon;
				ASSETCATALOG_COMPILER_GLOBAL_ACCENT_COLOR_NAME = AccentColor;
				CODE_SIGN_STYLE = Automatic;
				CURRENT_PROJECT_VERSION = 1;
				DEVELOPMENT_TEAM = UH342LX92S;
				GENERATE_INFOPLIST_FILE = YES;
				INFOPLIST_FILE = customtextfields/Info.plist;
				INFOPLIST_KEY_UIApplicationSupportsIndirectInputEvents = YES;
				INFOPLIST_KEY_UILaunchStoryboardName = LaunchScreen;
				INFOPLIST_KEY_UISupportedInterfaceOrientations_iPad = "UIInterfaceOrientationPortrait UIInterfaceOrientationPortraitUpsideDown UIInterfaceOrientationLandscapeLeft UIInterfaceOrientationLandscapeRight";
				INFOPLIST_KEY_UISupportedInterfaceOrientations_iPhone = "UIInterfaceOrientationPortrait UIInterfaceOrientationLandscapeLeft UIInterfaceOrientationLandscapeRight";
				LD_RUNPATH_SEARCH_PATHS = (
					"$(inherited)",
					"@executable_path/Frameworks",
				);
				MARKETING_VERSION = 1.0;
				PRODUCT_BUNDLE_IDENTIFIER = test.customtextfields;
				PRODUCT_NAME = "$(TARGET_NAME)";
				SWIFT_EMIT_LOC_STRINGS = YES;
				SWIFT_VERSION = 5.0;
				TARGETED_DEVICE_FAMILY = "1,2";
			};
			name = Release;
		};
/* End XCBuildConfiguration section */

/* Begin XCConfigurationList section */
		4D736E8C2C40078D00CA5397 /* Build configuration list for PBXProject "customtextfields" */ = {
			isa = XCConfigurationList;
			buildConfigurations = (
				4D736EA32C40078F00CA5397 /* Debug */,
				4D736EA42C40078F00CA5397 /* Release */,
			);
			defaultConfigurationIsVisible = 0;
			defaultConfigurationName = Release;
		};
		4D736EA52C40078F00CA5397 /* Build configuration list for PBXNativeTarget "customtextfields" */ = {
			isa = XCConfigurationList;
			buildConfigurations = (
				4D736EA62C40078F00CA5397 /* Debug */,
				4D736EA72C40078F00CA5397 /* Release */,
			);
			defaultConfigurationIsVisible = 0;
			defaultConfigurationName = Release;
		};
/* End XCConfigurationList section */
	};
	rootObject = 4D736E892C40078D00CA5397 /* Project object */;
}
